
Microsoft Visual Studio Solution File, Format Version 12.00
# Visual Studio 2013
VisualStudioVersion = 12.0.31101.0
MinimumVisualStudioVersion = 10.0.40219.1
Project("{FAE04EC0-301F-11D3-BF4B-00C04F79EFBC}") = "Security 2 Encryption", "Security 2 Encryption\Security 2 Encryption.csproj", "{169A54D7-24DD-4289-AF3C-15417B34DFBF}"
EndProject
Global
	GlobalSection(SolutionConfigurationPlatforms) = preSolution
		Debug|Any CPU = Debug|Any CPU
		Release|Any CPU = Release|Any CPU
	EndGlobalSection
	GlobalSection(ProjectConfigurationPlatforms) = postSolution
		{169A54D7-24DD-4289-AF3C-15417B34DFBF}.Debug|Any CPU.ActiveCfg = Debug|Any CPU
		{169A54D7-24DD-4289-AF3C-15417B34DFBF}.Debug|Any CPU.Build.0 = Debug|Any CPU
		{169A54D7-24DD-4289-AF3C-15417B34DFBF}.Release|Any CPU.ActiveCfg = Release|Any CPU
		{169A54D7-24DD-4289-AF3C-15417B34DFBF}.Release|Any CPU.Build.0 = Release|Any CPU
	EndGlobalSection
	GlobalSection(SolutionProperties) = preSolution
		HideSolutionNode = FALSE
	EndGlobalSection
EndGlobal
